
Microsoft Visual Studio Solution File, Format Version 12.00
# Visual Studio Version 16
VisualStudioVersion = 16.0.29102.190
MinimumVisualStudioVersion = 10.0.40219.1
Project("{F184B08F-C81C-45F6-A57F-5ABD9991F28F}") = "D-SDSS", "D-SDSS\D-SDSS.vbproj", "{27717726-B445-416C-88E3-50BC8BD094CF}"
EndProject
Project("{F184B08F-C81C-45F6-A57F-5ABD9991F28F}") = "MathWrapper", "..\..\MathWrapper\MathWrapper.vbproj", "{1278BFBF-7647-4D51-A4D9-CC5FE4308264}"
EndProject
Project("{F184B08F-C81C-45F6-A57F-5ABD9991F28F}") = "mapControl", "..\..\mapControl\mapControl\mapControl.vbproj", "{059ED095-5A71-488F-B0B8-669957C88516}"
EndProject
Global
	GlobalSection(SolutionConfigurationPlatforms) = preSolution
		Debug|Any CPU = Debug|Any CPU
		Release|Any CPU = Release|Any CPU
	EndGlobalSection
	GlobalSection(ProjectConfigurationPlatforms) = postSolution
		{27717726-B445-416C-88E3-50BC8BD094CF}.Debug|Any CPU.ActiveCfg = Debug|Any CPU
		{27717726-B445-416C-88E3-50BC8BD094CF}.Debug|Any CPU.Build.0 = Debug|Any CPU
		{27717726-B445-416C-88E3-50BC8BD094CF}.Release|Any CPU.ActiveCfg = Release|Any CPU
		{27717726-B445-416C-88E3-50BC8BD094CF}.Release|Any CPU.Build.0 = Release|Any CPU
		{1278BFBF-7647-4D51-A4D9-CC5FE4308264}.Debug|Any CPU.ActiveCfg = Debug|Any CPU
		{1278BFBF-7647-4D51-A4D9-CC5FE4308264}.Debug|Any CPU.Build.0 = Debug|Any CPU
		{1278BFBF-7647-4D51-A4D9-CC5FE4308264}.Release|Any CPU.ActiveCfg = Release|Any CPU
		{1278BFBF-7647-4D51-A4D9-CC5FE4308264}.Release|Any CPU.Build.0 = Release|Any CPU
		{059ED095-5A71-488F-B0B8-669957C88516}.Debug|Any CPU.ActiveCfg = Debug|Any CPU
		{059ED095-5A71-488F-B0B8-669957C88516}.Debug|Any CPU.Build.0 = Debug|Any CPU
		{059ED095-5A71-488F-B0B8-669957C88516}.Release|Any CPU.ActiveCfg = Release|Any CPU
		{059ED095-5A71-488F-B0B8-669957C88516}.Release|Any CPU.Build.0 = Release|Any CPU
	EndGlobalSection
	GlobalSection(SolutionProperties) = preSolution
		HideSolutionNode = FALSE
	EndGlobalSection
	GlobalSection(ExtensibilityGlobals) = postSolution
		SolutionGuid = {8AA304FF-B016-4710-AB8D-F4C780E18896}
	EndGlobalSection
	GlobalSection(SubversionScc) = preSolution
		Svn-Managed = True
		Manager = AnkhSVN - Subversion Support for Visual Studio
	EndGlobalSection
EndGlobal
